
Microsoft Visual Studio Solution File, Format Version 12.00
# Visual Studio Version 17
VisualStudioVersion = 17.0.31903.59
MinimumVisualStudioVersion = 10.0.40219.1
Project("{2150E333-8FDC-42A3-9474-1A3956D46DE8}") = "src", "src", "{109556C6-CADF-4E29-AB1D-9B7844DCCA13}"
EndProject
Project("{FAE04EC0-301F-11D3-BF4B-00C04F79EFBC}") = "PqrsPlatform.Api", "src\PqrsPlatform.Api\PqrsPlatform.Api.csproj", "{6104AA10-4738-4899-BFAE-24624455242D}"
EndProject
Project("{FAE04EC0-301F-11D3-BF4B-00C04F79EFBC}") = "PqrsPlatform.Application", "src\PqrsPlatform.Application\PqrsPlatform.Application.csproj", "{9BA96EC2-37FC-4C03-919B-C5EEEBD53ACF}"
EndProject
Project("{FAE04EC0-301F-11D3-BF4B-00C04F79EFBC}") = "PqrsPlatform.Domain", "src\PqrsPlatform.Domain\PqrsPlatform.Domain.csproj", "{FCFF2616-67E4-4B73-BE34-16B15E97FA85}"
EndProject
Project("{FAE04EC0-301F-11D3-BF4B-00C04F79EFBC}") = "PqrsPlatform.Infrastructure", "src\PqrsPlatform.Infrastructure\PqrsPlatform.Infrastructure.csproj", "{199EA200-39C4-4B86-9EE7-EA53EDD06271}"
EndProject
Global
	GlobalSection(SolutionConfigurationPlatforms) = preSolution
		Debug|Any CPU = Debug|Any CPU
		Release|Any CPU = Release|Any CPU
	EndGlobalSection
	GlobalSection(SolutionProperties) = preSolution
		HideSolutionNode = FALSE
	EndGlobalSection
	GlobalSection(ProjectConfigurationPlatforms) = postSolution
		{6104AA10-4738-4899-BFAE-24624455242D}.Debug|Any CPU.ActiveCfg = Debug|Any CPU
		{6104AA10-4738-4899-BFAE-24624455242D}.Debug|Any CPU.Build.0 = Debug|Any CPU
		{6104AA10-4738-4899-BFAE-24624455242D}.Release|Any CPU.ActiveCfg = Release|Any CPU
		{6104AA10-4738-4899-BFAE-24624455242D}.Release|Any CPU.Build.0 = Release|Any CPU
		{9BA96EC2-37FC-4C03-919B-C5EEEBD53ACF}.Debug|Any CPU.ActiveCfg = Debug|Any CPU
		{9BA96EC2-37FC-4C03-919B-C5EEEBD53ACF}.Debug|Any CPU.Build.0 = Debug|Any CPU
		{9BA96EC2-37FC-4C03-919B-C5EEEBD53ACF}.Release|Any CPU.ActiveCfg = Release|Any CPU
		{9BA96EC2-37FC-4C03-919B-C5EEEBD53ACF}.Release|Any CPU.Build.0 = Release|Any CPU
		{FCFF2616-67E4-4B73-BE34-16B15E97FA85}.Debug|Any CPU.ActiveCfg = Debug|Any CPU
		{FCFF2616-67E4-4B73-BE34-16B15E97FA85}.Debug|Any CPU.Build.0 = Debug|Any CPU
		{FCFF2616-67E4-4B73-BE34-16B15E97FA85}.Release|Any CPU.ActiveCfg = Release|Any CPU
		{FCFF2616-67E4-4B73-BE34-16B15E97FA85}.Release|Any CPU.Build.0 = Release|Any CPU
		{199EA200-39C4-4B86-9EE7-EA53EDD06271}.Debug|Any CPU.ActiveCfg = Debug|Any CPU
		{199EA200-39C4-4B86-9EE7-EA53EDD06271}.Debug|Any CPU.Build.0 = Debug|Any CPU
		{199EA200-39C4-4B86-9EE7-EA53EDD06271}.Release|Any CPU.ActiveCfg = Release|Any CPU
		{199EA200-39C4-4B86-9EE7-EA53EDD06271}.Release|Any CPU.Build.0 = Release|Any CPU
	EndGlobalSection
	GlobalSection(NestedProjects) = preSolution
		{6104AA10-4738-4899-BFAE-24624455242D} = {109556C6-CADF-4E29-AB1D-9B7844DCCA13}
		{9BA96EC2-37FC-4C03-919B-C5EEEBD53ACF} = {109556C6-CADF-4E29-AB1D-9B7844DCCA13}
		{FCFF2616-67E4-4B73-BE34-16B15E97FA85} = {109556C6-CADF-4E29-AB1D-9B7844DCCA13}
		{199EA200-39C4-4B86-9EE7-EA53EDD06271} = {109556C6-CADF-4E29-AB1D-9B7844DCCA13}
	EndGlobalSection
EndGlobal
